# This file is automatically @generated by Cargo.
# It is not intended for manual editing.
version = 4

[[package]]
name = "keryx-cli"
version = "0.1.0"

[[package]]
name = "keryx-core"
version = "0.1.0"

[[package]]
name = "keryx-driver"
version = "0.1.0"

[[package]]
name = "protoc-gen-keryx"
version = "0.1.0"
